
Microsoft Visual Studio Solution File, Format Version 12.00
# Visual Studio Version 16
VisualStudioVersion = 16.0.29613.14
MinimumVisualStudioVersion = 10.0.40219.1
Project("{FAE04EC0-301F-11D3-BF4B-00C04F79EFBC}") = "HealGun", "HealGun.csproj", "{6547C725-DB3B-44E6-B3FB-BDB59CA1F285}"
EndProject
Global
	GlobalSection(SolutionConfigurationPlatforms) = preSolution
		Debug|Any CPU = Debug|Any CPU
		Release|Any CPU = Release|Any CPU
	EndGlobalSection
	GlobalSection(ProjectConfigurationPlatforms) = postSolution
		{6547C725-DB3B-44E6-B3FB-BDB59CA1F285}.Debug|Any CPU.ActiveCfg = Debug|Any CPU
		{6547C725-DB3B-44E6-B3FB-BDB59CA1F285}.Debug|Any CPU.Build.0 = Debug|Any CPU
		{6547C725-DB3B-44E6-B3FB-BDB59CA1F285}.Release|Any CPU.ActiveCfg = Release|Any CPU
		{6547C725-DB3B-44E6-B3FB-BDB59CA1F285}.Release|Any CPU.Build.0 = Release|Any CPU
	EndGlobalSection
	GlobalSection(SolutionProperties) = preSolution
		HideSolutionNode = FALSE
	EndGlobalSection
	GlobalSection(ExtensibilityGlobals) = postSolution
		SolutionGuid = {83DAA345-6188-4CCF-B490-DEA70BC41C37}
	EndGlobalSection
EndGlobal
